# @generated by Move, please check-in and do not edit manually.

[move]
version = 3
manifest_digest = "1454DC20DACEB780BFC21D20264717227CED8A3D092CCE158221302EBBCFD1C1"
deps_digest = "F9B494B64F0615AED0E98FC12A85B85ECD2BC5185C22D30E7F67786BB52E507C"
dependencies = [
  { id = "Bridge", name = "Bridge" },
  { id = "MoveStdlib", name = "MoveStdlib" },
  { id = "Sui", name = "Sui" },
  { id = "SuiSystem", name = "SuiSystem" },
]

[[move.package]]
id = "Bridge"
source = { git = "https://github.com/MystenLabs/sui.git", rev = "04f11afaf5e0", subdir = "crates/sui-framework/packages/bridge" }

dependencies = [
  { id = "MoveStdlib", name = "MoveStdlib" },
  { id = "Sui", name = "Sui" },
  { id = "SuiSystem", name = "SuiSystem" },
]

[[move.package]]
id = "MoveStdlib"
source = { git = "https://github.com/MystenLabs/sui.git", rev = "04f11afaf5e0", subdir = "crates/sui-framework/packages/move-stdlib" }

[[move.package]]
id = "Sui"
source = { git = "https://github.com/MystenLabs/sui.git", rev = "04f11afaf5e0", subdir = "crates/sui-framework/packages/sui-framework" }

dependencies = [
  { id = "MoveStdlib", name = "MoveStdlib" },
]

[[move.package]]
id = "SuiSystem"
source = { git = "https://github.com/MystenLabs/sui.git", rev = "04f11afaf5e0", subdir = "crates/sui-framework/packages/sui-system" }

dependencies = [
  { id = "MoveStdlib", name = "MoveStdlib" },
  { id = "Sui", name = "Sui" },
]

[move.toolchain-version]
compiler-version = "1.47.0"
edition = "2024.beta"
flavor = "sui"

[env]

[env.local]
chain-id = "97b39999"
original-published-id = "0x65340d4d0854190132d75514f7eaec9bc627034c9eeeb44299e8beccf3facc83"
latest-published-id = "0x65340d4d0854190132d75514f7eaec9bc627034c9eeeb44299e8beccf3facc83"
published-version = "1"

[env.devnet]
chain-id = "6ee96fc3"
original-published-id = "0x186fc6a696e717708fd155c18b68eddd0c56b483b367da108301e10491a1be2b"
latest-published-id = "0x186fc6a696e717708fd155c18b68eddd0c56b483b367da108301e10491a1be2b"
published-version = "1"
